
Microsoft Visual Studio Solution File, Format Version 12.00
# Visual Studio Version 16
VisualStudioVersion = 16.0.35325.158
MinimumVisualStudioVersion = 10.0.40219.1
Project("{FAE04EC0-301F-11D3-BF4B-00C04F79EFBC}") = "DekkSkate", "DekkSkate\DekkSkate.csproj", "{3EADCE61-00D5-488D-B629-6E2B8A360C51}"
EndProject
Global
	GlobalSection(SolutionConfigurationPlatforms) = preSolution
		Debug|Any CPU = Debug|Any CPU
		Release|Any CPU = Release|Any CPU
	EndGlobalSection
	GlobalSection(ProjectConfigurationPlatforms) = postSolution
		{3EADCE61-00D5-488D-B629-6E2B8A360C51}.Debug|Any CPU.ActiveCfg = Debug|Any CPU
		{3EADCE61-00D5-488D-B629-6E2B8A360C51}.Debug|Any CPU.Build.0 = Debug|Any CPU
		{3EADCE61-00D5-488D-B629-6E2B8A360C51}.Release|Any CPU.ActiveCfg = Release|Any CPU
		{3EADCE61-00D5-488D-B629-6E2B8A360C51}.Release|Any CPU.Build.0 = Release|Any CPU
	EndGlobalSection
	GlobalSection(SolutionProperties) = preSolution
		HideSolutionNode = FALSE
	EndGlobalSection
	GlobalSection(ExtensibilityGlobals) = postSolution
		SolutionGuid = {9B03A809-B8FA-4C99-A64D-AAEAD5659DA5}
	EndGlobalSection
EndGlobal
